
Microsoft Visual Studio Solution File, Format Version 12.00
# Visual Studio 15
VisualStudioVersion = 15.0.28307.102
MinimumVisualStudioVersion = 10.0.40219.1
Project("{FAE04EC0-301F-11D3-BF4B-00C04F79EFBC}") = "Testcode", "Testcode\Testcode.csproj", "{A921B2FD-A2A6-4E55-B267-2DB75AEA035E}"
EndProject
Project("{FAE04EC0-301F-11D3-BF4B-00C04F79EFBC}") = "debugdemo", "debugdemo\debugdemo.csproj", "{E9D2F02A-3DCC-4322-874B-255A4055DC76}"
EndProject
Project("{FAE04EC0-301F-11D3-BF4B-00C04F79EFBC}") = "OpgTextVariabler", "opgvariabler\OpgTextVariabler.csproj", "{20DF71E0-4F00-41AD-9D14-9014F7DFE925}"
EndProject
Project("{FAE04EC0-301F-11D3-BF4B-00C04F79EFBC}") = "OpgTal", "OpgNy\OpgTal.csproj", "{4BC877CA-72C9-4F93-A16A-965A7F256F40}"
EndProject
Project("{FAE04EC0-301F-11D3-BF4B-00C04F79EFBC}") = "opgDataTid", "opgDataTid\opgDataTid.csproj", "{56899960-A3D6-4D23-A810-3B2DEE5FCF2C}"
EndProject
Project("{FAE04EC0-301F-11D3-BF4B-00C04F79EFBC}") = "PLTID", "PLTID\PLTID.csproj", "{AC6B7E63-CC3C-43C3-8498-FC349CFC6522}"
EndProject
Project("{FAE04EC0-301F-11D3-BF4B-00C04F79EFBC}") = "OpgTxt", "OpgTxt\OpgTxt.csproj", "{C6190C7E-FAF5-4580-8B28-4FB6FB289728}"
EndProject
Project("{FAE04EC0-301F-11D3-BF4B-00C04F79EFBC}") = "OpgStructEnum", "StructEnum\OpgStructEnum.csproj", "{EC2AC844-C8CB-4B8F-A8C4-30F5279701C0}"
EndProject
Project("{FAE04EC0-301F-11D3-BF4B-00C04F79EFBC}") = "Metoder", "Metoder\Metoder.csproj", "{82C8CDD2-98AD-412D-B8AD-F3B8F749DA54}"
EndProject
Project("{FAE04EC0-301F-11D3-BF4B-00C04F79EFBC}") = "8 1 Fejlhåndtering (simple)", "8 2 fejlhåndtering\8 1 Fejlhåndtering (simple).csproj", "{B89965C6-16CB-433E-A162-15C5A8EC0782}"
EndProject
Project("{FAE04EC0-301F-11D3-BF4B-00C04F79EFBC}") = "8 2 Fejlhåndtering (egen exception)", "ConsoleApp1\8 2 Fejlhåndtering (egen exception).csproj", "{F536B595-AA1D-4F68-8035-9F57AF431C1F}"
EndProject
Project("{FAE04EC0-301F-11D3-BF4B-00C04F79EFBC}") = "9 1 hukommelse struct", "ConsoleApp2\9 1 hukommelse struct.csproj", "{24038606-4161-4D99-9A3D-5558252428FE}"
EndProject
Project("{FAE04EC0-301F-11D3-BF4B-00C04F79EFBC}") = "9 1 hukommelse class", "ConsoleApp3\9 1 hukommelse class.csproj", "{551FCD51-8BE9-4651-95D2-D4A9F6A784F9}"
EndProject
Project("{FAE04EC0-301F-11D3-BF4B-00C04F79EFBC}") = "10 1 klasser", "10 1 klasser\10 1 klasser.csproj", "{68228B9E-45E2-47A4-9B08-198A466C4F71}"
EndProject
Project("{FAE04EC0-301F-11D3-BF4B-00C04F79EFBC}") = "10 2 klasser terning", "10 2 klasser terning\10 2 klasser terning.csproj", "{855A8AAC-02E0-40DD-834D-E9D1D3D92152}"
EndProject
Project("{FAE04EC0-301F-11D3-BF4B-00C04F79EFBC}") = "til copy", "til copy\til copy.csproj", "{83C7DB35-8670-479B-A9EA-DA2AEBFC2976}"
EndProject
Project("{FAE04EC0-301F-11D3-BF4B-00C04F79EFBC}") = "10 3 Klasser Statisk", "ConsoleApp4\10 3 Klasser Statisk.csproj", "{E8794B0F-CB93-4BD5-B440-C07F73229929}"
EndProject
Project("{FAE04EC0-301F-11D3-BF4B-00C04F79EFBC}") = "11 1 Indkapsling KUN brug private", "ConsoleApp5\11 1 Indkapsling KUN brug private.csproj", "{5745D442-7BA7-4C88-903C-D73397DD8BCD}"
EndProject
Project("{FAE04EC0-301F-11D3-BF4B-00C04F79EFBC}") = "11 2 Egenskaber - Automatisk egenskab", "11 2 Auto\11 2 Egenskaber - Automatisk egenskab.csproj", "{F7325091-B44C-424F-A8B6-0F78AC703DC6}"
EndProject
Project("{FAE04EC0-301F-11D3-BF4B-00C04F79EFBC}") = "13 1 Samlinger", "ConsoleApp6\13 1 Samlinger.csproj", "{F42F634E-B4D9-4F54-8B9C-2B2FC0DFB7DA}"
EndProject
Project("{FAE04EC0-301F-11D3-BF4B-00C04F79EFBC}") = "13 2 samlinger-stack", "13 2 samlinger-stack\13 2 samlinger-stack.csproj", "{5219E118-549E-43B7-B199-95DD55424B38}"
EndProject
Project("{FAE04EC0-301F-11D3-BF4B-00C04F79EFBC}") = "14 1 arv-simpel", "14 1 arv-simpel\14 1 arv-simpel.csproj", "{6CDB79BD-8058-496B-B0B0-6925DA1997EE}"
EndProject
Project("{FAE04EC0-301F-11D3-BF4B-00C04F79EFBC}") = "15 1 Interface", "15 1 Interface\15 1 Interface.csproj", "{EB6CA052-D413-450C-B661-F74EBE5253D6}"
EndProject
Project("{FAE04EC0-301F-11D3-BF4B-00C04F79EFBC}") = "16 1 Delegates", "16 1 Delegates\16 1 Delegates.csproj", "{699C3106-2545-4959-846B-C61DF8ACF936}"
EndProject
Project("{FAE04EC0-301F-11D3-BF4B-00C04F79EFBC}") = "17 1 Events", "17 1 Events\17 1 Events.csproj", "{E4758E14-78E5-4207-812F-1ADE9E59A40C}"
EndProject
Project("{FAE04EC0-301F-11D3-BF4B-00C04F79EFBC}") = "18 1 Oprydning", "18 1 Oprydning\18 1 Oprydning.csproj", "{EA6A1A30-D91C-4170-A9A3-B4A23F7E5F20}"
EndProject
Project("{FAE04EC0-301F-11D3-BF4B-00C04F79EFBC}") = "19 1 Anonyme og dynamiske typer", "19 1 Anonyme og dynamiske typer\19 1 Anonyme og dynamiske typer.csproj", "{00857933-BB1D-4C73-88D7-C95F7C0851A7}"
EndProject
Project("{FAE04EC0-301F-11D3-BF4B-00C04F79EFBC}") = "20 1 LINQ to Objects", "20 1 LINQ to Objects\20 1 LINQ to Objects.csproj", "{9DC3F4D4-3209-41C7-A2D2-4EC23D567074}"
EndProject
Project("{FAE04EC0-301F-11D3-BF4B-00C04F79EFBC}") = "21 1 IO", "21 1 IO\21 1 IO.csproj", "{ABCE3219-3A52-4211-A132-70BD8EBDB891}"
EndProject
Project("{FAE04EC0-301F-11D3-BF4B-00C04F79EFBC}") = "22 1 Generiske typer og medlemmer", "22 1 Generiske typer og medlemmer\22 1 Generiske typer og medlemmer.csproj", "{5089EB79-3B0A-4D3F-A75B-FB79350C01A0}"
EndProject
Project("{FAE04EC0-301F-11D3-BF4B-00C04F79EFBC}") = "23 1 Reflection", "23 1 Reflection\23 1 Reflection.csproj", "{29383238-EF1D-4968-BDC9-896764BC86F8}"
EndProject
Project("{FAE04EC0-301F-11D3-BF4B-00C04F79EFBC}") = "24 1 Diagnosticering", "24 1 Diagnosticering\24 1 Diagnosticering.csproj", "{D7CBF968-A745-4F91-B154-34D423E0BFF4}"
EndProject
Global
	GlobalSection(SolutionConfigurationPlatforms) = preSolution
		Debug|Any CPU = Debug|Any CPU
		Release|Any CPU = Release|Any CPU
	EndGlobalSection
	GlobalSection(ProjectConfigurationPlatforms) = postSolution
		{A921B2FD-A2A6-4E55-B267-2DB75AEA035E}.Debug|Any CPU.ActiveCfg = Debug|Any CPU
		{A921B2FD-A2A6-4E55-B267-2DB75AEA035E}.Debug|Any CPU.Build.0 = Debug|Any CPU
		{A921B2FD-A2A6-4E55-B267-2DB75AEA035E}.Release|Any CPU.ActiveCfg = Release|Any CPU
		{A921B2FD-A2A6-4E55-B267-2DB75AEA035E}.Release|Any CPU.Build.0 = Release|Any CPU
		{E9D2F02A-3DCC-4322-874B-255A4055DC76}.Debug|Any CPU.ActiveCfg = Debug|Any CPU
		{E9D2F02A-3DCC-4322-874B-255A4055DC76}.Debug|Any CPU.Build.0 = Debug|Any CPU
		{E9D2F02A-3DCC-4322-874B-255A4055DC76}.Release|Any CPU.ActiveCfg = Release|Any CPU
		{E9D2F02A-3DCC-4322-874B-255A4055DC76}.Release|Any CPU.Build.0 = Release|Any CPU
		{20DF71E0-4F00-41AD-9D14-9014F7DFE925}.Debug|Any CPU.ActiveCfg = Debug|Any CPU
		{20DF71E0-4F00-41AD-9D14-9014F7DFE925}.Debug|Any CPU.Build.0 = Debug|Any CPU
		{20DF71E0-4F00-41AD-9D14-9014F7DFE925}.Release|Any CPU.ActiveCfg = Release|Any CPU
		{20DF71E0-4F00-41AD-9D14-9014F7DFE925}.Release|Any CPU.Build.0 = Release|Any CPU
		{4BC877CA-72C9-4F93-A16A-965A7F256F40}.Debug|Any CPU.ActiveCfg = Debug|Any CPU
		{4BC877CA-72C9-4F93-A16A-965A7F256F40}.Debug|Any CPU.Build.0 = Debug|Any CPU
		{4BC877CA-72C9-4F93-A16A-965A7F256F40}.Release|Any CPU.ActiveCfg = Release|Any CPU
		{4BC877CA-72C9-4F93-A16A-965A7F256F40}.Release|Any CPU.Build.0 = Release|Any CPU
		{56899960-A3D6-4D23-A810-3B2DEE5FCF2C}.Debug|Any CPU.ActiveCfg = Debug|Any CPU
		{56899960-A3D6-4D23-A810-3B2DEE5FCF2C}.Debug|Any CPU.Build.0 = Debug|Any CPU
		{56899960-A3D6-4D23-A810-3B2DEE5FCF2C}.Release|Any CPU.ActiveCfg = Release|Any CPU
		{56899960-A3D6-4D23-A810-3B2DEE5FCF2C}.Release|Any CPU.Build.0 = Release|Any CPU
		{AC6B7E63-CC3C-43C3-8498-FC349CFC6522}.Debug|Any CPU.ActiveCfg = Debug|Any CPU
		{AC6B7E63-CC3C-43C3-8498-FC349CFC6522}.Debug|Any CPU.Build.0 = Debug|Any CPU
		{AC6B7E63-CC3C-43C3-8498-FC349CFC6522}.Release|Any CPU.ActiveCfg = Release|Any CPU
		{AC6B7E63-CC3C-43C3-8498-FC349CFC6522}.Release|Any CPU.Build.0 = Release|Any CPU
		{C6190C7E-FAF5-4580-8B28-4FB6FB289728}.Debug|Any CPU.ActiveCfg = Debug|Any CPU
		{C6190C7E-FAF5-4580-8B28-4FB6FB289728}.Debug|Any CPU.Build.0 = Debug|Any CPU
		{C6190C7E-FAF5-4580-8B28-4FB6FB289728}.Release|Any CPU.ActiveCfg = Release|Any CPU
		{C6190C7E-FAF5-4580-8B28-4FB6FB289728}.Release|Any CPU.Build.0 = Release|Any CPU
		{EC2AC844-C8CB-4B8F-A8C4-30F5279701C0}.Debug|Any CPU.ActiveCfg = Debug|Any CPU
		{EC2AC844-C8CB-4B8F-A8C4-30F5279701C0}.Debug|Any CPU.Build.0 = Debug|Any CPU
		{EC2AC844-C8CB-4B8F-A8C4-30F5279701C0}.Release|Any CPU.ActiveCfg = Release|Any CPU
		{EC2AC844-C8CB-4B8F-A8C4-30F5279701C0}.Release|Any CPU.Build.0 = Release|Any CPU
		{82C8CDD2-98AD-412D-B8AD-F3B8F749DA54}.Debug|Any CPU.ActiveCfg = Debug|Any CPU
		{82C8CDD2-98AD-412D-B8AD-F3B8F749DA54}.Debug|Any CPU.Build.0 = Debug|Any CPU
		{82C8CDD2-98AD-412D-B8AD-F3B8F749DA54}.Release|Any CPU.ActiveCfg = Release|Any CPU
		{82C8CDD2-98AD-412D-B8AD-F3B8F749DA54}.Release|Any CPU.Build.0 = Release|Any CPU
		{B89965C6-16CB-433E-A162-15C5A8EC0782}.Debug|Any CPU.ActiveCfg = Debug|Any CPU
		{B89965C6-16CB-433E-A162-15C5A8EC0782}.Debug|Any CPU.Build.0 = Debug|Any CPU
		{B89965C6-16CB-433E-A162-15C5A8EC0782}.Release|Any CPU.ActiveCfg = Release|Any CPU
		{B89965C6-16CB-433E-A162-15C5A8EC0782}.Release|Any CPU.Build.0 = Release|Any CPU
		{F536B595-AA1D-4F68-8035-9F57AF431C1F}.Debug|Any CPU.ActiveCfg = Debug|Any CPU
		{F536B595-AA1D-4F68-8035-9F57AF431C1F}.Debug|Any CPU.Build.0 = Debug|Any CPU
		{F536B595-AA1D-4F68-8035-9F57AF431C1F}.Release|Any CPU.ActiveCfg = Release|Any CPU
		{F536B595-AA1D-4F68-8035-9F57AF431C1F}.Release|Any CPU.Build.0 = Release|Any CPU
		{24038606-4161-4D99-9A3D-5558252428FE}.Debug|Any CPU.ActiveCfg = Debug|Any CPU
		{24038606-4161-4D99-9A3D-5558252428FE}.Debug|Any CPU.Build.0 = Debug|Any CPU
		{24038606-4161-4D99-9A3D-5558252428FE}.Release|Any CPU.ActiveCfg = Release|Any CPU
		{24038606-4161-4D99-9A3D-5558252428FE}.Release|Any CPU.Build.0 = Release|Any CPU
		{551FCD51-8BE9-4651-95D2-D4A9F6A784F9}.Debug|Any CPU.ActiveCfg = Debug|Any CPU
		{551FCD51-8BE9-4651-95D2-D4A9F6A784F9}.Debug|Any CPU.Build.0 = Debug|Any CPU
		{551FCD51-8BE9-4651-95D2-D4A9F6A784F9}.Release|Any CPU.ActiveCfg = Release|Any CPU
		{551FCD51-8BE9-4651-95D2-D4A9F6A784F9}.Release|Any CPU.Build.0 = Release|Any CPU
		{68228B9E-45E2-47A4-9B08-198A466C4F71}.Debug|Any CPU.ActiveCfg = Debug|Any CPU
		{68228B9E-45E2-47A4-9B08-198A466C4F71}.Debug|Any CPU.Build.0 = Debug|Any CPU
		{68228B9E-45E2-47A4-9B08-198A466C4F71}.Release|Any CPU.ActiveCfg = Release|Any CPU
		{68228B9E-45E2-47A4-9B08-198A466C4F71}.Release|Any CPU.Build.0 = Release|Any CPU
		{855A8AAC-02E0-40DD-834D-E9D1D3D92152}.Debug|Any CPU.ActiveCfg = Debug|Any CPU
		{855A8AAC-02E0-40DD-834D-E9D1D3D92152}.Debug|Any CPU.Build.0 = Debug|Any CPU
		{855A8AAC-02E0-40DD-834D-E9D1D3D92152}.Release|Any CPU.ActiveCfg = Release|Any CPU
		{855A8AAC-02E0-40DD-834D-E9D1D3D92152}.Release|Any CPU.Build.0 = Release|Any CPU
		{83C7DB35-8670-479B-A9EA-DA2AEBFC2976}.Debug|Any CPU.ActiveCfg = Debug|Any CPU
		{83C7DB35-8670-479B-A9EA-DA2AEBFC2976}.Debug|Any CPU.Build.0 = Debug|Any CPU
		{83C7DB35-8670-479B-A9EA-DA2AEBFC2976}.Release|Any CPU.ActiveCfg = Release|Any CPU
		{83C7DB35-8670-479B-A9EA-DA2AEBFC2976}.Release|Any CPU.Build.0 = Release|Any CPU
		{E8794B0F-CB93-4BD5-B440-C07F73229929}.Debug|Any CPU.ActiveCfg = Debug|Any CPU
		{E8794B0F-CB93-4BD5-B440-C07F73229929}.Debug|Any CPU.Build.0 = Debug|Any CPU
		{E8794B0F-CB93-4BD5-B440-C07F73229929}.Release|Any CPU.ActiveCfg = Release|Any CPU
		{E8794B0F-CB93-4BD5-B440-C07F73229929}.Release|Any CPU.Build.0 = Release|Any CPU
		{5745D442-7BA7-4C88-903C-D73397DD8BCD}.Debug|Any CPU.ActiveCfg = Debug|Any CPU
		{5745D442-7BA7-4C88-903C-D73397DD8BCD}.Debug|Any CPU.Build.0 = Debug|Any CPU
		{5745D442-7BA7-4C88-903C-D73397DD8BCD}.Release|Any CPU.ActiveCfg = Release|Any CPU
		{5745D442-7BA7-4C88-903C-D73397DD8BCD}.Release|Any CPU.Build.0 = Release|Any CPU
		{F7325091-B44C-424F-A8B6-0F78AC703DC6}.Debug|Any CPU.ActiveCfg = Debug|Any CPU
		{F7325091-B44C-424F-A8B6-0F78AC703DC6}.Debug|Any CPU.Build.0 = Debug|Any CPU
		{F7325091-B44C-424F-A8B6-0F78AC703DC6}.Release|Any CPU.ActiveCfg = Release|Any CPU
		{F7325091-B44C-424F-A8B6-0F78AC703DC6}.Release|Any CPU.Build.0 = Release|Any CPU
		{F42F634E-B4D9-4F54-8B9C-2B2FC0DFB7DA}.Debug|Any CPU.ActiveCfg = Debug|Any CPU
		{F42F634E-B4D9-4F54-8B9C-2B2FC0DFB7DA}.Debug|Any CPU.Build.0 = Debug|Any CPU
		{F42F634E-B4D9-4F54-8B9C-2B2FC0DFB7DA}.Release|Any CPU.ActiveCfg = Release|Any CPU
		{F42F634E-B4D9-4F54-8B9C-2B2FC0DFB7DA}.Release|Any CPU.Build.0 = Release|Any CPU
		{5219E118-549E-43B7-B199-95DD55424B38}.Debug|Any CPU.ActiveCfg = Debug|Any CPU
		{5219E118-549E-43B7-B199-95DD55424B38}.Debug|Any CPU.Build.0 = Debug|Any CPU
		{5219E118-549E-43B7-B199-95DD55424B38}.Release|Any CPU.ActiveCfg = Release|Any CPU
		{5219E118-549E-43B7-B199-95DD55424B38}.Release|Any CPU.Build.0 = Release|Any CPU
		{6CDB79BD-8058-496B-B0B0-6925DA1997EE}.Debug|Any CPU.ActiveCfg = Debug|Any CPU
		{6CDB79BD-8058-496B-B0B0-6925DA1997EE}.Debug|Any CPU.Build.0 = Debug|Any CPU
		{6CDB79BD-8058-496B-B0B0-6925DA1997EE}.Release|Any CPU.ActiveCfg = Release|Any CPU
		{6CDB79BD-8058-496B-B0B0-6925DA1997EE}.Release|Any CPU.Build.0 = Release|Any CPU
		{EB6CA052-D413-450C-B661-F74EBE5253D6}.Debug|Any CPU.ActiveCfg = Debug|Any CPU
		{EB6CA052-D413-450C-B661-F74EBE5253D6}.Debug|Any CPU.Build.0 = Debug|Any CPU
		{EB6CA052-D413-450C-B661-F74EBE5253D6}.Release|Any CPU.ActiveCfg = Release|Any CPU
		{EB6CA052-D413-450C-B661-F74EBE5253D6}.Release|Any CPU.Build.0 = Release|Any CPU
		{699C3106-2545-4959-846B-C61DF8ACF936}.Debug|Any CPU.ActiveCfg = Debug|Any CPU
		{699C3106-2545-4959-846B-C61DF8ACF936}.Debug|Any CPU.Build.0 = Debug|Any CPU
		{699C3106-2545-4959-846B-C61DF8ACF936}.Release|Any CPU.ActiveCfg = Release|Any CPU
		{699C3106-2545-4959-846B-C61DF8ACF936}.Release|Any CPU.Build.0 = Release|Any CPU
		{E4758E14-78E5-4207-812F-1ADE9E59A40C}.Debug|Any CPU.ActiveCfg = Debug|Any CPU
		{E4758E14-78E5-4207-812F-1ADE9E59A40C}.Debug|Any CPU.Build.0 = Debug|Any CPU
		{E4758E14-78E5-4207-812F-1ADE9E59A40C}.Release|Any CPU.ActiveCfg = Release|Any CPU
		{E4758E14-78E5-4207-812F-1ADE9E59A40C}.Release|Any CPU.Build.0 = Release|Any CPU
		{EA6A1A30-D91C-4170-A9A3-B4A23F7E5F20}.Debug|Any CPU.ActiveCfg = Debug|Any CPU
		{EA6A1A30-D91C-4170-A9A3-B4A23F7E5F20}.Debug|Any CPU.Build.0 = Debug|Any CPU
		{EA6A1A30-D91C-4170-A9A3-B4A23F7E5F20}.Release|Any CPU.ActiveCfg = Release|Any CPU
		{EA6A1A30-D91C-4170-A9A3-B4A23F7E5F20}.Release|Any CPU.Build.0 = Release|Any CPU
		{00857933-BB1D-4C73-88D7-C95F7C0851A7}.Debug|Any CPU.ActiveCfg = Debug|Any CPU
		{00857933-BB1D-4C73-88D7-C95F7C0851A7}.Debug|Any CPU.Build.0 = Debug|Any CPU
		{00857933-BB1D-4C73-88D7-C95F7C0851A7}.Release|Any CPU.ActiveCfg = Release|Any CPU
		{00857933-BB1D-4C73-88D7-C95F7C0851A7}.Release|Any CPU.Build.0 = Release|Any CPU
		{9DC3F4D4-3209-41C7-A2D2-4EC23D567074}.Debug|Any CPU.ActiveCfg = Debug|Any CPU
		{9DC3F4D4-3209-41C7-A2D2-4EC23D567074}.Debug|Any CPU.Build.0 = Debug|Any CPU
		{9DC3F4D4-3209-41C7-A2D2-4EC23D567074}.Release|Any CPU.ActiveCfg = Release|Any CPU
		{9DC3F4D4-3209-41C7-A2D2-4EC23D567074}.Release|Any CPU.Build.0 = Release|Any CPU
		{ABCE3219-3A52-4211-A132-70BD8EBDB891}.Debug|Any CPU.ActiveCfg = Debug|Any CPU
		{ABCE3219-3A52-4211-A132-70BD8EBDB891}.Debug|Any CPU.Build.0 = Debug|Any CPU
		{ABCE3219-3A52-4211-A132-70BD8EBDB891}.Release|Any CPU.ActiveCfg = Release|Any CPU
		{ABCE3219-3A52-4211-A132-70BD8EBDB891}.Release|Any CPU.Build.0 = Release|Any CPU
		{5089EB79-3B0A-4D3F-A75B-FB79350C01A0}.Debug|Any CPU.ActiveCfg = Debug|Any CPU
		{5089EB79-3B0A-4D3F-A75B-FB79350C01A0}.Debug|Any CPU.Build.0 = Debug|Any CPU
		{5089EB79-3B0A-4D3F-A75B-FB79350C01A0}.Release|Any CPU.ActiveCfg = Release|Any CPU
		{5089EB79-3B0A-4D3F-A75B-FB79350C01A0}.Release|Any CPU.Build.0 = Release|Any CPU
		{29383238-EF1D-4968-BDC9-896764BC86F8}.Debug|Any CPU.ActiveCfg = Debug|Any CPU
		{29383238-EF1D-4968-BDC9-896764BC86F8}.Debug|Any CPU.Build.0 = Debug|Any CPU
		{29383238-EF1D-4968-BDC9-896764BC86F8}.Release|Any CPU.ActiveCfg = Release|Any CPU
		{29383238-EF1D-4968-BDC9-896764BC86F8}.Release|Any CPU.Build.0 = Release|Any CPU
		{D7CBF968-A745-4F91-B154-34D423E0BFF4}.Debug|Any CPU.ActiveCfg = Debug|Any CPU
		{D7CBF968-A745-4F91-B154-34D423E0BFF4}.Debug|Any CPU.Build.0 = Debug|Any CPU
		{D7CBF968-A745-4F91-B154-34D423E0BFF4}.Release|Any CPU.ActiveCfg = Release|Any CPU
		{D7CBF968-A745-4F91-B154-34D423E0BFF4}.Release|Any CPU.Build.0 = Release|Any CPU
	EndGlobalSection
	GlobalSection(SolutionProperties) = preSolution
		HideSolutionNode = FALSE
	EndGlobalSection
	GlobalSection(ExtensibilityGlobals) = postSolution
		SolutionGuid = {137D8BCC-1883-4843-B02E-A6FAAE60FE95}
	EndGlobalSection
EndGlobal
